
Microsoft Visual Studio Solution File, Format Version 12.00
# Visual Studio Version 17
VisualStudioVersion = 17.0.31611.283
MinimumVisualStudioVersion = 10.0.40219.1
Project("{9A19103F-16F7-4668-BE54-9A1E7A4F7556}") = "MAUI_BerlinVC_221128_ppedv", "MAUI_BerlinVC_221128_ppedv\MAUI_BerlinVC_221128_ppedv.csproj", "{8BA29918-A054-49A6-B59C-245ED62F7793}"
EndProject
Project("{FAE04EC0-301F-11D3-BF4B-00C04F79EFBC}") = "Personendatenbank", "Personendatenbank\Personendatenbank.csproj", "{14F4137C-77D5-4229-838A-F9714B646B76}"
EndProject
Global
	GlobalSection(SolutionConfigurationPlatforms) = preSolution
		Debug|Any CPU = Debug|Any CPU
		Release|Any CPU = Release|Any CPU
	EndGlobalSection
	GlobalSection(ProjectConfigurationPlatforms) = postSolution
		{8BA29918-A054-49A6-B59C-245ED62F7793}.Debug|Any CPU.ActiveCfg = Debug|Any CPU
		{8BA29918-A054-49A6-B59C-245ED62F7793}.Debug|Any CPU.Build.0 = Debug|Any CPU
		{8BA29918-A054-49A6-B59C-245ED62F7793}.Debug|Any CPU.Deploy.0 = Debug|Any CPU
		{8BA29918-A054-49A6-B59C-245ED62F7793}.Release|Any CPU.ActiveCfg = Release|Any CPU
		{8BA29918-A054-49A6-B59C-245ED62F7793}.Release|Any CPU.Build.0 = Release|Any CPU
		{8BA29918-A054-49A6-B59C-245ED62F7793}.Release|Any CPU.Deploy.0 = Release|Any CPU
		{14F4137C-77D5-4229-838A-F9714B646B76}.Debug|Any CPU.ActiveCfg = Debug|Any CPU
		{14F4137C-77D5-4229-838A-F9714B646B76}.Debug|Any CPU.Build.0 = Debug|Any CPU
		{14F4137C-77D5-4229-838A-F9714B646B76}.Debug|Any CPU.Deploy.0 = Debug|Any CPU
		{14F4137C-77D5-4229-838A-F9714B646B76}.Release|Any CPU.ActiveCfg = Release|Any CPU
		{14F4137C-77D5-4229-838A-F9714B646B76}.Release|Any CPU.Build.0 = Release|Any CPU
		{14F4137C-77D5-4229-838A-F9714B646B76}.Release|Any CPU.Deploy.0 = Release|Any CPU
	EndGlobalSection
	GlobalSection(SolutionProperties) = preSolution
		HideSolutionNode = FALSE
	EndGlobalSection
	GlobalSection(ExtensibilityGlobals) = postSolution
		SolutionGuid = {61F7FB11-1E47-470C-91E2-47F8143E1572}
	EndGlobalSection
EndGlobal
